// !$*UTF8*$!
{
	archiveVersion = 1;
	classes = {
	};
	objectVersion = 77;
	objects = {

/* Begin PBXBuildFile section */
		9F5B2DA756E9A0AC3DBE1240 /* AppInterfaceStyle.swift in Sources */ = {isa = PBXBuildFile; fileRef = 9E9C0739D4D6F572EE848A80 /* AppInterfaceStyle.swift */; };
		76914070A09E5FA9C0F1AC9B /* AppLanguage.swift in Sources */ = {isa = PBXBuildFile; fileRef = 98FA59A0A8D410921D629561 /* AppLanguage.swift */; };
		3B7ECF2F286E0F9A90F2DB96 /* AppNavigationLayoutPolicy.swift in Sources */ = {isa = PBXBuildFile; fileRef = 6BB187079991A1105F8B173B /* AppNavigationLayoutPolicy.swift */; };
		86E078E71A46772FDDA484FE /* BackupArchive.swift in Sources */ = {isa = PBXBuildFile; fileRef = B11E9E2781A64D3C47938118 /* BackupArchive.swift */; };
		96050D439DAE07C84D1C06CE /* DebugDemoDataFactory.swift in Sources */ = {isa = PBXBuildFile; fileRef = 736EEAA30D63F0511004053E /* DebugDemoDataFactory.swift */; };
		6F11FAE0C416815D75144DE4 /* LedgerAnalytics.swift in Sources */ = {isa = PBXBuildFile; fileRef = C1D1F1C13AFAE3888F5C711F /* LedgerAnalytics.swift */; };
		1713C68EEF2AD8AAB8431008 /* LedgerRecordFilter.swift in Sources */ = {isa = PBXBuildFile; fileRef = AC41E31DF02EEE8ED97A27D7 /* LedgerRecordFilter.swift */; };
		0D6750103C7393BB8A5054E3 /* LedgerTypes.swift in Sources */ = {isa = PBXBuildFile; fileRef = 2F4295E70E847C7FFDB0A495 /* LedgerTypes.swift */; };
		72F14739E39763C84F27BC04 /* ProjectNameNormalizer.swift in Sources */ = {isa = PBXBuildFile; fileRef = 747C423AC97BBF034B11B394 /* ProjectNameNormalizer.swift */; };
		1FE76B9D3444C7AD5C22A652 /* ReminderSchedule.swift in Sources */ = {isa = PBXBuildFile; fileRef = 8881AF209F1F581E0604DF39 /* ReminderSchedule.swift */; };
		470283133AA73BCF9CA62468 /* StatisticsChartScale.swift in Sources */ = {isa = PBXBuildFile; fileRef = 9BC81309188A67E2A82E7D5D /* StatisticsChartScale.swift */; };
		9841B0C7522CDD336A3D7316 /* WatchLedgerSync.swift in Sources */ = {isa = PBXBuildFile; fileRef = 8BE41B629030A62B69DF578A /* WatchLedgerSync.swift */; };
		B7174B572552273E1E7A6704 /* LocalizationService.swift in Sources */ = {isa = PBXBuildFile; fileRef = 194BCED96FF003050270F6E7 /* LocalizationService.swift */; };
		A96CDB31C47B5D7AA49C9B49 /* Localizable.xcstrings in Resources */ = {isa = PBXBuildFile; fileRef = B707FD61CC9AB9654D649341 /* Localizable.xcstrings */; };
		BEBE88B441EC8502E911023C /* MiniBillWatch.app in Embed Watch Content */ = {isa = PBXBuildFile; fileRef = 1792B93D3BF61CC559A3D6FF /* MiniBillWatch.app */; settings = {ATTRIBUTES = (RemoveHeadersOnCopy, ); }; };
		13305187EF9C6C70C2982BA0 /* LedgerTypes.swift in Sources */ = {isa = PBXBuildFile; fileRef = 29CBD1666DE25F4924278E15 /* LedgerTypes.swift */; };
		808524C63996F83ED861081B /* AppLanguage.swift in Sources */ = {isa = PBXBuildFile; fileRef = 33487F9FD523DF4FB8472D77 /* AppLanguage.swift */; };
		D9BA04B2ED1F2B40AB521AA5 /* ProjectNameNormalizer.swift in Sources */ = {isa = PBXBuildFile; fileRef = 1748C71EE38DFDD61448B116 /* ProjectNameNormalizer.swift */; };
		0C7C3ABFFB1D2256AF022CF2 /* LedgerWidgetSnapshot.swift in Sources */ = {isa = PBXBuildFile; fileRef = 24805B1358A10947F66639F3 /* LedgerWidgetSnapshot.swift */; };
		F6ABF4140FC723393E177715 /* LedgerWidgetRoute.swift in Sources */ = {isa = PBXBuildFile; fileRef = 5F48839CA1BACD89376EE780 /* LedgerWidgetRoute.swift */; };
		88EF9381B06B7639C6C9DFEF /* AppTheme.swift in Sources */ = {isa = PBXBuildFile; fileRef = D4F6BA0C7E2603BB9B8F1F9E /* AppTheme.swift */; };
		C8D0259318C6077436003D66 /* LocalizationService.swift in Sources */ = {isa = PBXBuildFile; fileRef = 7F4BDBEA4D174707D3AA0E44 /* LocalizationService.swift */; };
		2019C1D7BB275E04139A6C05 /* MiniBillWidgets.swift in Sources */ = {isa = PBXBuildFile; fileRef = C2BDC6FE9D26CCDD3F3C691B /* MiniBillWidgets.swift */; };
		272D60E7B1603E927BCB247C /* Localizable.xcstrings in Resources */ = {isa = PBXBuildFile; fileRef = 35602E3A260C9D84F0386311 /* Localizable.xcstrings */; };
		C6C2D60C14573B537BF2F053 /* MiniBillWidgets.appex in Embed App Extensions */ = {isa = PBXBuildFile; fileRef = EFEE5556500C717EE8A72326 /* MiniBillWidgets.appex */; settings = {ATTRIBUTES = (RemoveHeadersOnCopy, ); }; };
/* End PBXBuildFile section */

/* Begin PBXContainerItemProxy section */
		A9DBE8A0BED6375F772BA10B /* PBXContainerItemProxy */ = {
			isa = PBXContainerItemProxy;
			containerPortal = 762C2491302366B50069C2C6 /* Project object */;
			proxyType = 1;
			remoteGlobalIDString = 0D9C0A0286A442E7E7C5FE0A;
			remoteInfo = MiniBillWatch;
		};
		ACA7B7DD7FE7E8172D575BB5 /* Widget Proxy */ = {
			isa = PBXContainerItemProxy;
			containerPortal = 762C2491302366B50069C2C6 /* Project object */;
			proxyType = 1;
			remoteGlobalIDString = 47AF98188F57A64E89BBA9FF;
			remoteInfo = MiniBillWidgets;
		};
/* End PBXContainerItemProxy section */

/* Begin PBXCopyFilesBuildPhase section */
		FB1F962CF77A1A8BD0A25520 /* Embed Watch Content */ = {
			isa = PBXCopyFilesBuildPhase;
			buildActionMask = 2147483647;
			dstPath = "$(CONTENTS_FOLDER_PATH)/Watch";
			dstSubfolderSpec = 16;
			files = (
				BEBE88B441EC8502E911023C /* MiniBillWatch.app in Embed Watch Content */,
			);
			name = "Embed Watch Content";
			runOnlyForDeploymentPostprocessing = 0;
		};
		56466BF33F0257DE1C95F18C /* Embed App Extensions */ = {
			isa = PBXCopyFilesBuildPhase;
			buildActionMask = 2147483647;
			dstPath = "";
			dstSubfolderSpec = 13;
			files = (
				C6C2D60C14573B537BF2F053 /* MiniBillWidgets.appex in Embed App Extensions */,
			);
			name = "Embed App Extensions";
			runOnlyForDeploymentPostprocessing = 0;
		};
/* End PBXCopyFilesBuildPhase section */

/* Begin PBXTargetDependency section */
		1750A52A7A996F76D4B1F59A /* PBXTargetDependency */ = {
			isa = PBXTargetDependency;
			target = 0D9C0A0286A442E7E7C5FE0A /* MiniBillWatch */;
			targetProxy = A9DBE8A0BED6375F772BA10B /* PBXContainerItemProxy */;
		};
		29160D1767B2428B6F25454E /* Widget Dependency */ = {
			isa = PBXTargetDependency;
			target = 47AF98188F57A64E89BBA9FF /* MiniBillWidgets */;
			targetProxy = ACA7B7DD7FE7E8172D575BB5 /* Widget Proxy */;
		};
/* End PBXTargetDependency section */

/* Begin PBXFileReference section */
		762C2499302366B50069C2C6 /* MiniBill.app */ = {isa = PBXFileReference; explicitFileType = wrapper.application; includeInIndex = 0; path = MiniBill.app; sourceTree = BUILT_PRODUCTS_DIR; };
		9E9C0739D4D6F572EE848A80 /* AppInterfaceStyle.swift */ = {isa = PBXFileReference; lastKnownFileType = sourcecode.swift; name = AppInterfaceStyle.swift; path = Core/AppInterfaceStyle.swift; sourceTree = "<group>"; };
		98FA59A0A8D410921D629561 /* AppLanguage.swift */ = {isa = PBXFileReference; lastKnownFileType = sourcecode.swift; name = AppLanguage.swift; path = Core/AppLanguage.swift; sourceTree = "<group>"; };
		6BB187079991A1105F8B173B /* AppNavigationLayoutPolicy.swift */ = {isa = PBXFileReference; lastKnownFileType = sourcecode.swift; name = AppNavigationLayoutPolicy.swift; path = Core/AppNavigationLayoutPolicy.swift; sourceTree = "<group>"; };
		B11E9E2781A64D3C47938118 /* BackupArchive.swift */ = {isa = PBXFileReference; lastKnownFileType = sourcecode.swift; name = BackupArchive.swift; path = Core/BackupArchive.swift; sourceTree = "<group>"; };
		736EEAA30D63F0511004053E /* DebugDemoDataFactory.swift */ = {isa = PBXFileReference; lastKnownFileType = sourcecode.swift; name = DebugDemoDataFactory.swift; path = Core/DebugDemoDataFactory.swift; sourceTree = "<group>"; };
		C1D1F1C13AFAE3888F5C711F /* LedgerAnalytics.swift */ = {isa = PBXFileReference; lastKnownFileType = sourcecode.swift; name = LedgerAnalytics.swift; path = Core/LedgerAnalytics.swift; sourceTree = "<group>"; };
		AC41E31DF02EEE8ED97A27D7 /* LedgerRecordFilter.swift */ = {isa = PBXFileReference; lastKnownFileType = sourcecode.swift; name = LedgerRecordFilter.swift; path = Core/LedgerRecordFilter.swift; sourceTree = "<group>"; };
		2F4295E70E847C7FFDB0A495 /* LedgerTypes.swift */ = {isa = PBXFileReference; lastKnownFileType = sourcecode.swift; name = LedgerTypes.swift; path = Core/LedgerTypes.swift; sourceTree = "<group>"; };
		747C423AC97BBF034B11B394 /* ProjectNameNormalizer.swift */ = {isa = PBXFileReference; lastKnownFileType = sourcecode.swift; name = ProjectNameNormalizer.swift; path = Core/ProjectNameNormalizer.swift; sourceTree = "<group>"; };
		8881AF209F1F581E0604DF39 /* ReminderSchedule.swift */ = {isa = PBXFileReference; lastKnownFileType = sourcecode.swift; name = ReminderSchedule.swift; path = Core/ReminderSchedule.swift; sourceTree = "<group>"; };
		9BC81309188A67E2A82E7D5D /* StatisticsChartScale.swift */ = {isa = PBXFileReference; lastKnownFileType = sourcecode.swift; name = StatisticsChartScale.swift; path = Core/StatisticsChartScale.swift; sourceTree = "<group>"; };
		8BE41B629030A62B69DF578A /* WatchLedgerSync.swift */ = {isa = PBXFileReference; lastKnownFileType = sourcecode.swift; name = WatchLedgerSync.swift; path = Core/WatchLedgerSync.swift; sourceTree = "<group>"; };
		194BCED96FF003050270F6E7 /* LocalizationService.swift */ = {isa = PBXFileReference; lastKnownFileType = sourcecode.swift; name = LocalizationService.swift; path = Services/LocalizationService.swift; sourceTree = "<group>"; };
		B707FD61CC9AB9654D649341 /* Localizable.xcstrings */ = {isa = PBXFileReference; lastKnownFileType = text.json.xcstrings; name = Localizable.xcstrings; path = Resources/Localizable.xcstrings; sourceTree = "<group>"; };
		1792B93D3BF61CC559A3D6FF /* MiniBillWatch.app */ = {isa = PBXFileReference; explicitFileType = wrapper.application; includeInIndex = 0; path = MiniBillWatch.app; sourceTree = BUILT_PRODUCTS_DIR; };
		29CBD1666DE25F4924278E15 /* LedgerTypes.swift */ = {isa = PBXFileReference; lastKnownFileType = sourcecode.swift; name = LedgerTypes.swift; path = Core/LedgerTypes.swift; sourceTree = "<group>"; };
		33487F9FD523DF4FB8472D77 /* AppLanguage.swift */ = {isa = PBXFileReference; lastKnownFileType = sourcecode.swift; name = AppLanguage.swift; path = Core/AppLanguage.swift; sourceTree = "<group>"; };
		1748C71EE38DFDD61448B116 /* ProjectNameNormalizer.swift */ = {isa = PBXFileReference; lastKnownFileType = sourcecode.swift; name = ProjectNameNormalizer.swift; path = Core/ProjectNameNormalizer.swift; sourceTree = "<group>"; };
		24805B1358A10947F66639F3 /* LedgerWidgetSnapshot.swift */ = {isa = PBXFileReference; lastKnownFileType = sourcecode.swift; name = LedgerWidgetSnapshot.swift; path = Core/LedgerWidgetSnapshot.swift; sourceTree = "<group>"; };
		5F48839CA1BACD89376EE780 /* LedgerWidgetRoute.swift */ = {isa = PBXFileReference; lastKnownFileType = sourcecode.swift; name = LedgerWidgetRoute.swift; path = Core/LedgerWidgetRoute.swift; sourceTree = "<group>"; };
		D4F6BA0C7E2603BB9B8F1F9E /* AppTheme.swift */ = {isa = PBXFileReference; lastKnownFileType = sourcecode.swift; name = AppTheme.swift; path = App/AppTheme.swift; sourceTree = "<group>"; };
		7F4BDBEA4D174707D3AA0E44 /* LocalizationService.swift */ = {isa = PBXFileReference; lastKnownFileType = sourcecode.swift; name = LocalizationService.swift; path = Services/LocalizationService.swift; sourceTree = "<group>"; };
		C2BDC6FE9D26CCDD3F3C691B /* MiniBillWidgets.swift */ = {isa = PBXFileReference; lastKnownFileType = sourcecode.swift; path = MiniBillWidgets.swift; sourceTree = "<group>"; };
		ED01A49B85A3CBA6FCA254DD /* Info.plist */ = {isa = PBXFileReference; lastKnownFileType = text.plist.xml; path = Info.plist; sourceTree = "<group>"; };
		1FCD8C579B1B9005AFD5BBD8 /* MiniBillWidgets.entitlements */ = {isa = PBXFileReference; lastKnownFileType = text.plist.entitlements; path = MiniBillWidgets.entitlements; sourceTree = "<group>"; };
		35602E3A260C9D84F0386311 /* Localizable.xcstrings */ = {isa = PBXFileReference; lastKnownFileType = text.json.xcstrings; name = Localizable.xcstrings; path = Resources/Localizable.xcstrings; sourceTree = "<group>"; };
		EFEE5556500C717EE8A72326 /* MiniBillWidgets.appex */ = {isa = PBXFileReference; explicitFileType = "wrapper.app-extension"; includeInIndex = 0; path = MiniBillWidgets.appex; sourceTree = BUILT_PRODUCTS_DIR; };
/* End PBXFileReference section */

/* Begin PBXFileSystemSynchronizedRootGroup section */
		762C249B302366B50069C2C6 /* MiniBill */ = {
			isa = PBXFileSystemSynchronizedRootGroup;
			path = MiniBill;
			sourceTree = "<group>";
		};
		CA912A445FA9947A62F6A8A5 /* MiniBillWatch */ = {
			isa = PBXFileSystemSynchronizedRootGroup;
			path = MiniBillWatch;
			sourceTree = "<group>";
		};
/* End PBXFileSystemSynchronizedRootGroup section */

/* Begin PBXFrameworksBuildPhase section */
		762C2496302366B50069C2C6 /* Frameworks */ = {
			isa = PBXFrameworksBuildPhase;
			buildActionMask = 2147483647;
			files = (
			);
			runOnlyForDeploymentPostprocessing = 0;
		};
		B223090B4F0AC2A4012621FE /* Frameworks */ = {
			isa = PBXFrameworksBuildPhase;
			buildActionMask = 2147483647;
			files = (
			);
			runOnlyForDeploymentPostprocessing = 0;
		};
		6917378273108E7171F10671 /* Widget Frameworks */ = {
			isa = PBXFrameworksBuildPhase;
			buildActionMask = 2147483647;
			files = (
			);
			runOnlyForDeploymentPostprocessing = 0;
		};
/* End PBXFrameworksBuildPhase section */

/* Begin PBXGroup section */
		762C2490302366B50069C2C6 = {
			isa = PBXGroup;
			children = (
				762C249B302366B50069C2C6 /* MiniBill */,
				CA912A445FA9947A62F6A8A5 /* MiniBillWatch */,
				4E577AB67098170BDE94AE93 /* Watch Shared Sources */,
				D8126CD5D2E600254DA58F46 /* Widget Group */,
				2FF1C7A161961298487D8D6A /* Widget Shared Sources */,
				762C249A302366B50069C2C6 /* Products */,
			);
			sourceTree = "<group>";
		};
		762C249A302366B50069C2C6 /* Products */ = {
			isa = PBXGroup;
			children = (
				762C2499302366B50069C2C6 /* MiniBill.app */,
				1792B93D3BF61CC559A3D6FF /* MiniBillWatch.app */,
				EFEE5556500C717EE8A72326 /* MiniBillWidgets.appex */,
			);
			name = Products;
			sourceTree = "<group>";
		};
		4E577AB67098170BDE94AE93 /* Watch Shared Sources */ = {
			isa = PBXGroup;
			children = (
				9E9C0739D4D6F572EE848A80 /* AppInterfaceStyle.swift */,
				98FA59A0A8D410921D629561 /* AppLanguage.swift */,
				6BB187079991A1105F8B173B /* AppNavigationLayoutPolicy.swift */,
				B11E9E2781A64D3C47938118 /* BackupArchive.swift */,
				736EEAA30D63F0511004053E /* DebugDemoDataFactory.swift */,
				C1D1F1C13AFAE3888F5C711F /* LedgerAnalytics.swift */,
				AC41E31DF02EEE8ED97A27D7 /* LedgerRecordFilter.swift */,
				2F4295E70E847C7FFDB0A495 /* LedgerTypes.swift */,
				747C423AC97BBF034B11B394 /* ProjectNameNormalizer.swift */,
				8881AF209F1F581E0604DF39 /* ReminderSchedule.swift */,
				9BC81309188A67E2A82E7D5D /* StatisticsChartScale.swift */,
				8BE41B629030A62B69DF578A /* WatchLedgerSync.swift */,
				194BCED96FF003050270F6E7 /* LocalizationService.swift */,
				B707FD61CC9AB9654D649341 /* Localizable.xcstrings */,
			);
			name = "Watch Shared Sources";
			path = MiniBill;
			sourceTree = "<group>";
		};
		D8126CD5D2E600254DA58F46 /* Widget Group */ = {
			isa = PBXGroup;
			children = (
				C2BDC6FE9D26CCDD3F3C691B /* MiniBillWidgets.swift */,
				ED01A49B85A3CBA6FCA254DD /* Info.plist */,
				1FCD8C579B1B9005AFD5BBD8 /* MiniBillWidgets.entitlements */,
			);
			path = MiniBillWidgets;
			sourceTree = "<group>";
		};
		2FF1C7A161961298487D8D6A /* Widget Shared Sources */ = {
			isa = PBXGroup;
			children = (
				29CBD1666DE25F4924278E15 /* LedgerTypes.swift */,
				33487F9FD523DF4FB8472D77 /* AppLanguage.swift */,
				1748C71EE38DFDD61448B116 /* ProjectNameNormalizer.swift */,
				24805B1358A10947F66639F3 /* LedgerWidgetSnapshot.swift */,
				5F48839CA1BACD89376EE780 /* LedgerWidgetRoute.swift */,
				D4F6BA0C7E2603BB9B8F1F9E /* AppTheme.swift */,
				7F4BDBEA4D174707D3AA0E44 /* LocalizationService.swift */,
				35602E3A260C9D84F0386311 /* Localizable.xcstrings */,
			);
			name = "Widget Shared Sources";
			path = MiniBill;
			sourceTree = "<group>";
		};
/* End PBXGroup section */

/* Begin PBXNativeTarget section */
		762C2498302366B50069C2C6 /* MiniBill */ = {
			isa = PBXNativeTarget;
			buildConfigurationList = 762C24A9302366B70069C2C6 /* Build configuration list for PBXNativeTarget "MiniBill" */;
			buildPhases = (
				762C2495302366B50069C2C6 /* Sources */,
				762C2496302366B50069C2C6 /* Frameworks */,
				762C2497302366B50069C2C6 /* Resources */,
				FB1F962CF77A1A8BD0A25520 /* Embed Watch Content */,
				56466BF33F0257DE1C95F18C /* Embed App Extensions */,
			);
			buildRules = (
			);
			dependencies = (
				1750A52A7A996F76D4B1F59A /* PBXTargetDependency */,
				29160D1767B2428B6F25454E /* Widget Dependency */,
			);
			fileSystemSynchronizedGroups = (
				762C249B302366B50069C2C6 /* MiniBill */,
			);
			name = MiniBill;
			packageProductDependencies = (
			);
			productName = MiniBill;
			productReference = 762C2499302366B50069C2C6 /* MiniBill.app */;
			productType = "com.apple.product-type.application";
		};
		0D9C0A0286A442E7E7C5FE0A /* MiniBillWatch */ = {
			isa = PBXNativeTarget;
			buildConfigurationList = 5BAA932551E284E024ACE6ED /* Build configuration list for PBXNativeTarget "MiniBillWatch" */;
			buildPhases = (
				8C556E13EBCF75E98B773297 /* Sources */,
				B223090B4F0AC2A4012621FE /* Frameworks */,
				D1A9200C159697AD505C5DFF /* Resources */,
			);
			buildRules = (
			);
			dependencies = (
			);
			fileSystemSynchronizedGroups = (
				CA912A445FA9947A62F6A8A5 /* MiniBillWatch */,
			);
			name = MiniBillWatch;
			packageProductDependencies = (
			);
			productName = MiniBillWatch;
			productReference = 1792B93D3BF61CC559A3D6FF /* MiniBillWatch.app */;
			productType = "com.apple.product-type.application";
		};
		47AF98188F57A64E89BBA9FF /* MiniBillWidgets */ = {
			isa = PBXNativeTarget;
			buildConfigurationList = B123D98A29B9F971DF5A0899 /* Widget Configurations */;
			buildPhases = (
				E5CEE4DA383B8E0913EE1B66 /* Widget Sources */,
				6917378273108E7171F10671 /* Widget Frameworks */,
				F47207ABC282B4A8E151CCA5 /* Widget Resources */,
			);
			buildRules = (
			);
			dependencies = (
			);
			name = MiniBillWidgets;
			packageProductDependencies = (
			);
			productName = MiniBillWidgets;
			productReference = EFEE5556500C717EE8A72326 /* MiniBillWidgets.appex */;
			productType = "com.apple.product-type.app-extension";
		};
/* End PBXNativeTarget section */

/* Begin PBXProject section */
		762C2491302366B50069C2C6 /* Project object */ = {
			isa = PBXProject;
			attributes = {
				BuildIndependentTargetsInParallel = 1;
				LastSwiftUpdateCheck = 1620;
				LastUpgradeCheck = 1620;
				TargetAttributes = {
					0D9C0A0286A442E7E7C5FE0A = {
						CreatedOnToolsVersion = 16.2;
					};
					762C2498302366B50069C2C6 = {
						CreatedOnToolsVersion = 16.2;
						SystemCapabilities = {
							com.apple.ApplicationGroups.iOS = {
								enabled = 1;
							};
						};
					};
					47AF98188F57A64E89BBA9FF = {
						CreatedOnToolsVersion = 16.2;
						SystemCapabilities = {
							com.apple.ApplicationGroups.iOS = {
								enabled = 1;
							};
						};
					};
				};
			};
			buildConfigurationList = 762C2494302366B50069C2C6 /* Build configuration list for PBXProject "MiniBill" */;
			developmentRegion = en;
			hasScannedForEncodings = 0;
			knownRegions = (
				en,
				ja,
				ko,
				"zh-Hans",
				"zh-Hant",
				Base,
				de,
			);
			mainGroup = 762C2490302366B50069C2C6;
			minimizedProjectReferenceProxies = 1;
			preferredProjectObjectVersion = 77;
			productRefGroup = 762C249A302366B50069C2C6 /* Products */;
			projectDirPath = "";
			projectRoot = "";
			targets = (
				762C2498302366B50069C2C6 /* MiniBill */,
				0D9C0A0286A442E7E7C5FE0A /* MiniBillWatch */,
				47AF98188F57A64E89BBA9FF /* MiniBillWidgets */,
			);
		};
/* End PBXProject section */

/* Begin PBXResourcesBuildPhase section */
		762C2497302366B50069C2C6 /* Resources */ = {
			isa = PBXResourcesBuildPhase;
			buildActionMask = 2147483647;
			files = (
			);
			runOnlyForDeploymentPostprocessing = 0;
		};
		D1A9200C159697AD505C5DFF /* Resources */ = {
			isa = PBXResourcesBuildPhase;
			buildActionMask = 2147483647;
			files = (
				A96CDB31C47B5D7AA49C9B49 /* Localizable.xcstrings in Resources */,
			);
			runOnlyForDeploymentPostprocessing = 0;
		};
		F47207ABC282B4A8E151CCA5 /* Widget Resources */ = {
			isa = PBXResourcesBuildPhase;
			buildActionMask = 2147483647;
			files = (
				272D60E7B1603E927BCB247C /* Localizable.xcstrings in Resources */,
			);
			runOnlyForDeploymentPostprocessing = 0;
		};
/* End PBXResourcesBuildPhase section */

/* Begin PBXSourcesBuildPhase section */
		762C2495302366B50069C2C6 /* Sources */ = {
			isa = PBXSourcesBuildPhase;
			buildActionMask = 2147483647;
			files = (
			);
			runOnlyForDeploymentPostprocessing = 0;
		};
		8C556E13EBCF75E98B773297 /* Sources */ = {
			isa = PBXSourcesBuildPhase;
			buildActionMask = 2147483647;
			files = (
				9F5B2DA756E9A0AC3DBE1240 /* AppInterfaceStyle.swift in Sources */,
				76914070A09E5FA9C0F1AC9B /* AppLanguage.swift in Sources */,
				3B7ECF2F286E0F9A90F2DB96 /* AppNavigationLayoutPolicy.swift in Sources */,
				86E078E71A46772FDDA484FE /* BackupArchive.swift in Sources */,
				96050D439DAE07C84D1C06CE /* DebugDemoDataFactory.swift in Sources */,
				6F11FAE0C416815D75144DE4 /* LedgerAnalytics.swift in Sources */,
				1713C68EEF2AD8AAB8431008 /* LedgerRecordFilter.swift in Sources */,
				0D6750103C7393BB8A5054E3 /* LedgerTypes.swift in Sources */,
				72F14739E39763C84F27BC04 /* ProjectNameNormalizer.swift in Sources */,
				1FE76B9D3444C7AD5C22A652 /* ReminderSchedule.swift in Sources */,
				470283133AA73BCF9CA62468 /* StatisticsChartScale.swift in Sources */,
				9841B0C7522CDD336A3D7316 /* WatchLedgerSync.swift in Sources */,
				B7174B572552273E1E7A6704 /* LocalizationService.swift in Sources */,
			);
			runOnlyForDeploymentPostprocessing = 0;
		};
		E5CEE4DA383B8E0913EE1B66 /* Widget Sources */ = {
			isa = PBXSourcesBuildPhase;
			buildActionMask = 2147483647;
			files = (
				2019C1D7BB275E04139A6C05 /* MiniBillWidgets.swift in Sources */,
				13305187EF9C6C70C2982BA0 /* LedgerTypes.swift in Sources */,
				808524C63996F83ED861081B /* AppLanguage.swift in Sources */,
				D9BA04B2ED1F2B40AB521AA5 /* ProjectNameNormalizer.swift in Sources */,
				0C7C3ABFFB1D2256AF022CF2 /* LedgerWidgetSnapshot.swift in Sources */,
				F6ABF4140FC723393E177715 /* LedgerWidgetRoute.swift in Sources */,
				88EF9381B06B7639C6C9DFEF /* AppTheme.swift in Sources */,
				C8D0259318C6077436003D66 /* LocalizationService.swift in Sources */,
			);
			runOnlyForDeploymentPostprocessing = 0;
		};
/* End PBXSourcesBuildPhase section */

/* Begin XCBuildConfiguration section */
		762C24A7302366B70069C2C6 /* Debug */ = {
			isa = XCBuildConfiguration;
			buildSettings = {
				ALWAYS_SEARCH_USER_PATHS = NO;
				ASSETCATALOG_COMPILER_GENERATE_SWIFT_ASSET_SYMBOL_EXTENSIONS = YES;
				CLANG_ANALYZER_NONNULL = YES;
				CLANG_ANALYZER_NUMBER_OBJECT_CONVERSION = YES_AGGRESSIVE;
				CLANG_CXX_LANGUAGE_STANDARD = "gnu++20";
				CLANG_ENABLE_MODULES = YES;
				CLANG_ENABLE_OBJC_ARC = YES;
				CLANG_ENABLE_OBJC_WEAK = YES;
				CLANG_WARN_BLOCK_CAPTURE_AUTORELEASING = YES;
				CLANG_WARN_BOOL_CONVERSION = YES;
				CLANG_WARN_COMMA = YES;
				CLANG_WARN_CONSTANT_CONVERSION = YES;
				CLANG_WARN_DEPRECATED_OBJC_IMPLEMENTATIONS = YES;
				CLANG_WARN_DIRECT_OBJC_ISA_USAGE = YES_ERROR;
				CLANG_WARN_DOCUMENTATION_COMMENTS = YES;
				CLANG_WARN_EMPTY_BODY = YES;
				CLANG_WARN_ENUM_CONVERSION = YES;
				CLANG_WARN_INFINITE_RECURSION = YES;
				CLANG_WARN_INT_CONVERSION = YES;
				CLANG_WARN_NON_LITERAL_NULL_CONVERSION = YES;
				CLANG_WARN_OBJC_IMPLICIT_RETAIN_SELF = YES;
				CLANG_WARN_OBJC_LITERAL_CONVERSION = YES;
				CLANG_WARN_OBJC_ROOT_CLASS = YES_ERROR;
				CLANG_WARN_QUOTED_INCLUDE_IN_FRAMEWORK_HEADER = YES;
				CLANG_WARN_RANGE_LOOP_ANALYSIS = YES;
				CLANG_WARN_STRICT_PROTOTYPES = YES;
				CLANG_WARN_SUSPICIOUS_MOVE = YES;
				CLANG_WARN_UNGUARDED_AVAILABILITY = YES_AGGRESSIVE;
				CLANG_WARN_UNREACHABLE_CODE = YES;
				CLANG_WARN__DUPLICATE_METHOD_MATCH = YES;
				COPY_PHASE_STRIP = NO;
				DEBUG_INFORMATION_FORMAT = dwarf;
				ENABLE_STRICT_OBJC_MSGSEND = YES;
				ENABLE_TESTABILITY = YES;
				ENABLE_USER_SCRIPT_SANDBOXING = YES;
				GCC_C_LANGUAGE_STANDARD = gnu17;
				GCC_DYNAMIC_NO_PIC = NO;
				GCC_NO_COMMON_BLOCKS = YES;
				GCC_OPTIMIZATION_LEVEL = 0;
				GCC_PREPROCESSOR_DEFINITIONS = (
					"DEBUG=1",
					"$(inherited)",
				);
				GCC_WARN_64_TO_32_BIT_CONVERSION = YES;
				GCC_WARN_ABOUT_RETURN_TYPE = YES_ERROR;
				GCC_WARN_UNDECLARED_SELECTOR = YES;
				GCC_WARN_UNINITIALIZED_AUTOS = YES_AGGRESSIVE;
				GCC_WARN_UNUSED_FUNCTION = YES;
				GCC_WARN_UNUSED_VARIABLE = YES;
				IPHONEOS_DEPLOYMENT_TARGET = 17.0;
				LOCALIZATION_PREFERS_STRING_CATALOGS = YES;
				MTL_ENABLE_DEBUG_INFO = INCLUDE_SOURCE;
				MTL_FAST_MATH = YES;
				ONLY_ACTIVE_ARCH = YES;
				SDKROOT = iphoneos;
				SWIFT_ACTIVE_COMPILATION_CONDITIONS = "DEBUG $(inherited)";
				SWIFT_OPTIMIZATION_LEVEL = "-Onone";
			};
			name = Debug;
		};
		762C24A8302366B70069C2C6 /* Release */ = {
			isa = XCBuildConfiguration;
			buildSettings = {
				ALWAYS_SEARCH_USER_PATHS = NO;
				ASSETCATALOG_COMPILER_GENERATE_SWIFT_ASSET_SYMBOL_EXTENSIONS = YES;
				CLANG_ANALYZER_NONNULL = YES;
				CLANG_ANALYZER_NUMBER_OBJECT_CONVERSION = YES_AGGRESSIVE;
				CLANG_CXX_LANGUAGE_STANDARD = "gnu++20";
				CLANG_ENABLE_MODULES = YES;
				CLANG_ENABLE_OBJC_ARC = YES;
				CLANG_ENABLE_OBJC_WEAK = YES;
				CLANG_WARN_BLOCK_CAPTURE_AUTORELEASING = YES;
				CLANG_WARN_BOOL_CONVERSION = YES;
				CLANG_WARN_COMMA = YES;
				CLANG_WARN_CONSTANT_CONVERSION = YES;
				CLANG_WARN_DEPRECATED_OBJC_IMPLEMENTATIONS = YES;
				CLANG_WARN_DIRECT_OBJC_ISA_USAGE = YES_ERROR;
				CLANG_WARN_DOCUMENTATION_COMMENTS = YES;
				CLANG_WARN_EMPTY_BODY = YES;
				CLANG_WARN_ENUM_CONVERSION = YES;
				CLANG_WARN_INFINITE_RECURSION = YES;
				CLANG_WARN_INT_CONVERSION = YES;
				CLANG_WARN_NON_LITERAL_NULL_CONVERSION = YES;
				CLANG_WARN_OBJC_IMPLICIT_RETAIN_SELF = YES;
				CLANG_WARN_OBJC_LITERAL_CONVERSION = YES;
				CLANG_WARN_OBJC_ROOT_CLASS = YES_ERROR;
				CLANG_WARN_QUOTED_INCLUDE_IN_FRAMEWORK_HEADER = YES;
				CLANG_WARN_RANGE_LOOP_ANALYSIS = YES;
				CLANG_WARN_STRICT_PROTOTYPES = YES;
				CLANG_WARN_SUSPICIOUS_MOVE = YES;
				CLANG_WARN_UNGUARDED_AVAILABILITY = YES_AGGRESSIVE;
				CLANG_WARN_UNREACHABLE_CODE = YES;
				CLANG_WARN__DUPLICATE_METHOD_MATCH = YES;
				COPY_PHASE_STRIP = NO;
				DEBUG_INFORMATION_FORMAT = "dwarf-with-dsym";
				ENABLE_NS_ASSERTIONS = NO;
				ENABLE_STRICT_OBJC_MSGSEND = YES;
				ENABLE_USER_SCRIPT_SANDBOXING = YES;
				GCC_C_LANGUAGE_STANDARD = gnu17;
				GCC_NO_COMMON_BLOCKS = YES;
				GCC_WARN_64_TO_32_BIT_CONVERSION = YES;
				GCC_WARN_ABOUT_RETURN_TYPE = YES_ERROR;
				GCC_WARN_UNDECLARED_SELECTOR = YES;
				GCC_WARN_UNINITIALIZED_AUTOS = YES_AGGRESSIVE;
				GCC_WARN_UNUSED_FUNCTION = YES;
				GCC_WARN_UNUSED_VARIABLE = YES;
				IPHONEOS_DEPLOYMENT_TARGET = 17.0;
				LOCALIZATION_PREFERS_STRING_CATALOGS = YES;
				MTL_ENABLE_DEBUG_INFO = NO;
				MTL_FAST_MATH = YES;
				SDKROOT = iphoneos;
				SWIFT_COMPILATION_MODE = wholemodule;
				VALIDATE_PRODUCT = YES;
			};
			name = Release;
		};
		762C24AA302366B70069C2C6 /* Debug */ = {
			isa = XCBuildConfiguration;
			buildSettings = {
				ASSETCATALOG_COMPILER_APPICON_NAME = AppIcon;
				ASSETCATALOG_COMPILER_GLOBAL_ACCENT_COLOR_NAME = AccentColor;
				CODE_SIGN_ENTITLEMENTS = MiniBill/MiniBill.entitlements;
				CODE_SIGN_STYLE = Automatic;
				CURRENT_PROJECT_VERSION = 1;
				DEVELOPMENT_ASSET_PATHS = "\"MiniBill/Preview Content\"";
				DEVELOPMENT_TEAM = 96DQ7VQS3P;
				ENABLE_PREVIEWS = YES;
				GENERATE_INFOPLIST_FILE = YES;
				INFOPLIST_FILE = "MiniBill-Info.plist";
				INFOPLIST_KEY_CFBundleDisplayName = MiniBill;
				INFOPLIST_KEY_LSApplicationCategoryType = "public.app-category.business";
				INFOPLIST_KEY_UIApplicationSceneManifest_Generation = YES;
				INFOPLIST_KEY_UIApplicationSupportsIndirectInputEvents = YES;
				INFOPLIST_KEY_UILaunchScreen_Generation = YES;
				INFOPLIST_KEY_UISupportedInterfaceOrientations_iPad = "UIInterfaceOrientationPortrait UIInterfaceOrientationPortraitUpsideDown UIInterfaceOrientationLandscapeLeft UIInterfaceOrientationLandscapeRight";
				INFOPLIST_KEY_UISupportedInterfaceOrientations_iPhone = "UIInterfaceOrientationPortrait UIInterfaceOrientationLandscapeLeft UIInterfaceOrientationLandscapeRight";
				IPHONEOS_DEPLOYMENT_TARGET = 17.0;
				LD_RUNPATH_SEARCH_PATHS = (
					"$(inherited)",
					"@executable_path/Frameworks",
				);
				MARKETING_VERSION = 1.0.7;
				PRODUCT_BUNDLE_IDENTIFIER = com.masdey.minibill;
				PRODUCT_NAME = "$(TARGET_NAME)";
				SWIFT_EMIT_LOC_STRINGS = YES;
				SWIFT_VERSION = 5.0;
				TARGETED_DEVICE_FAMILY = "1,2";
			};
			name = Debug;
		};
		762C24AB302366B70069C2C6 /* Release */ = {
			isa = XCBuildConfiguration;
			buildSettings = {
				ASSETCATALOG_COMPILER_APPICON_NAME = AppIcon;
				ASSETCATALOG_COMPILER_GLOBAL_ACCENT_COLOR_NAME = AccentColor;
				CODE_SIGN_ENTITLEMENTS = MiniBill/MiniBill.entitlements;
				CODE_SIGN_STYLE = Automatic;
				CURRENT_PROJECT_VERSION = 1;
				DEVELOPMENT_ASSET_PATHS = "\"MiniBill/Preview Content\"";
				DEVELOPMENT_TEAM = 96DQ7VQS3P;
				ENABLE_PREVIEWS = YES;
				GENERATE_INFOPLIST_FILE = YES;
				INFOPLIST_FILE = "MiniBill-Info.plist";
				INFOPLIST_KEY_CFBundleDisplayName = MiniBill;
				INFOPLIST_KEY_LSApplicationCategoryType = "public.app-category.business";
				INFOPLIST_KEY_UIApplicationSceneManifest_Generation = YES;
				INFOPLIST_KEY_UIApplicationSupportsIndirectInputEvents = YES;
				INFOPLIST_KEY_UILaunchScreen_Generation = YES;
				INFOPLIST_KEY_UISupportedInterfaceOrientations_iPad = "UIInterfaceOrientationPortrait UIInterfaceOrientationPortraitUpsideDown UIInterfaceOrientationLandscapeLeft UIInterfaceOrientationLandscapeRight";
				INFOPLIST_KEY_UISupportedInterfaceOrientations_iPhone = "UIInterfaceOrientationPortrait UIInterfaceOrientationLandscapeLeft UIInterfaceOrientationLandscapeRight";
				IPHONEOS_DEPLOYMENT_TARGET = 17.0;
				LD_RUNPATH_SEARCH_PATHS = (
					"$(inherited)",
					"@executable_path/Frameworks",
				);
				MARKETING_VERSION = 1.0.7;
				PRODUCT_BUNDLE_IDENTIFIER = com.masdey.minibill;
				PRODUCT_NAME = "$(TARGET_NAME)";
				SWIFT_EMIT_LOC_STRINGS = YES;
				SWIFT_VERSION = 5.0;
				TARGETED_DEVICE_FAMILY = "1,2";
			};
			name = Release;
		};
		23624D2E86330C6B813237DC /* Debug */ = {
			isa = XCBuildConfiguration;
			buildSettings = {
				ASSETCATALOG_COMPILER_APPICON_NAME = AppIcon;
				ASSETCATALOG_COMPILER_GLOBAL_ACCENT_COLOR_NAME = AccentColor;
				CODE_SIGN_STYLE = Automatic;
				CURRENT_PROJECT_VERSION = 1;
				DEVELOPMENT_TEAM = 96DQ7VQS3P;
				ENABLE_PREVIEWS = YES;
				GENERATE_INFOPLIST_FILE = YES;
				INFOPLIST_KEY_CFBundleDisplayName = MiniBill;
				INFOPLIST_KEY_UISupportedInterfaceOrientations = "UIInterfaceOrientationPortrait UIInterfaceOrientationPortraitUpsideDown";
				INFOPLIST_KEY_WKApplication = YES;
				INFOPLIST_KEY_WKCompanionAppBundleIdentifier = com.masdey.minibill;
				INFOPLIST_KEY_WKRunsIndependentlyOfCompanionApp = NO;
				LD_RUNPATH_SEARCH_PATHS = (
					"$(inherited)",
					"@executable_path/Frameworks",
				);
				MARKETING_VERSION = 1.0.7;
				PRODUCT_BUNDLE_IDENTIFIER = com.masdey.minibill.watchkitapp;
				PRODUCT_NAME = "$(TARGET_NAME)";
				SDKROOT = watchos;
				SKIP_INSTALL = YES;
				SUPPORTED_PLATFORMS = "watchos watchsimulator";
				SWIFT_EMIT_LOC_STRINGS = YES;
				SWIFT_VERSION = 5.0;
				TARGETED_DEVICE_FAMILY = 4;
				WATCHOS_DEPLOYMENT_TARGET = 10.0;
			};
			name = Debug;
		};
		9B2792A6989E2E2469943617 /* Release */ = {
			isa = XCBuildConfiguration;
			buildSettings = {
				ASSETCATALOG_COMPILER_APPICON_NAME = AppIcon;
				ASSETCATALOG_COMPILER_GLOBAL_ACCENT_COLOR_NAME = AccentColor;
				CODE_SIGN_STYLE = Automatic;
				CURRENT_PROJECT_VERSION = 1;
				DEVELOPMENT_TEAM = 96DQ7VQS3P;
				ENABLE_PREVIEWS = YES;
				GENERATE_INFOPLIST_FILE = YES;
				INFOPLIST_KEY_CFBundleDisplayName = MiniBill;
				INFOPLIST_KEY_UISupportedInterfaceOrientations = "UIInterfaceOrientationPortrait UIInterfaceOrientationPortraitUpsideDown";
				INFOPLIST_KEY_WKApplication = YES;
				INFOPLIST_KEY_WKCompanionAppBundleIdentifier = com.masdey.minibill;
				INFOPLIST_KEY_WKRunsIndependentlyOfCompanionApp = NO;
				LD_RUNPATH_SEARCH_PATHS = (
					"$(inherited)",
					"@executable_path/Frameworks",
				);
				MARKETING_VERSION = 1.0.7;
				PRODUCT_BUNDLE_IDENTIFIER = com.masdey.minibill.watchkitapp;
				PRODUCT_NAME = "$(TARGET_NAME)";
				SDKROOT = watchos;
				SKIP_INSTALL = YES;
				SUPPORTED_PLATFORMS = "watchos watchsimulator";
				SWIFT_EMIT_LOC_STRINGS = YES;
				SWIFT_VERSION = 5.0;
				TARGETED_DEVICE_FAMILY = 4;
				WATCHOS_DEPLOYMENT_TARGET = 10.0;
			};
			name = Release;
		};
		ED6100D739E348EE7BB4079F /* Widget Debug */ = {
			isa = XCBuildConfiguration;
			buildSettings = {
				APPLICATION_EXTENSION_API_ONLY = YES;
				CODE_SIGN_ENTITLEMENTS = MiniBillWidgets/MiniBillWidgets.entitlements;
				CODE_SIGN_STYLE = Automatic;
				CURRENT_PROJECT_VERSION = 1;
				DEVELOPMENT_TEAM = 96DQ7VQS3P;
				GENERATE_INFOPLIST_FILE = YES;
				INFOPLIST_FILE = MiniBillWidgets/Info.plist;
				INFOPLIST_KEY_CFBundleDisplayName = MiniBill;
				IPHONEOS_DEPLOYMENT_TARGET = 17.0;
				MARKETING_VERSION = 1.0.7;
				PRODUCT_BUNDLE_IDENTIFIER = com.masdey.minibill.widgets;
				PRODUCT_NAME = "$(TARGET_NAME)";
				SDKROOT = iphoneos;
				SKIP_INSTALL = YES;
				SUPPORTED_PLATFORMS = "iphoneos iphonesimulator";
				SWIFT_EMIT_LOC_STRINGS = YES;
				SWIFT_VERSION = 5.0;
				TARGETED_DEVICE_FAMILY = "1,2";
				LD_RUNPATH_SEARCH_PATHS = (
					"$(inherited)",
					"@executable_path/Frameworks",
					"@executable_path/../../Frameworks",
				);
			};
			name = Debug;
		};
		E7AD36DB8EE811907D357CAC /* Widget Release */ = {
			isa = XCBuildConfiguration;
			buildSettings = {
				APPLICATION_EXTENSION_API_ONLY = YES;
				CODE_SIGN_ENTITLEMENTS = MiniBillWidgets/MiniBillWidgets.entitlements;
				CODE_SIGN_STYLE = Automatic;
				CURRENT_PROJECT_VERSION = 1;
				DEVELOPMENT_TEAM = 96DQ7VQS3P;
				GENERATE_INFOPLIST_FILE = YES;
				INFOPLIST_FILE = MiniBillWidgets/Info.plist;
				INFOPLIST_KEY_CFBundleDisplayName = MiniBill;
				IPHONEOS_DEPLOYMENT_TARGET = 17.0;
				MARKETING_VERSION = 1.0.7;
				PRODUCT_BUNDLE_IDENTIFIER = com.masdey.minibill.widgets;
				PRODUCT_NAME = "$(TARGET_NAME)";
				SDKROOT = iphoneos;
				SKIP_INSTALL = YES;
				SUPPORTED_PLATFORMS = "iphoneos iphonesimulator";
				SWIFT_EMIT_LOC_STRINGS = YES;
				SWIFT_VERSION = 5.0;
				TARGETED_DEVICE_FAMILY = "1,2";
				LD_RUNPATH_SEARCH_PATHS = (
					"$(inherited)",
					"@executable_path/Frameworks",
					"@executable_path/../../Frameworks",
				);
			};
			name = Release;
		};
/* End XCBuildConfiguration section */

/* Begin XCConfigurationList section */
		762C2494302366B50069C2C6 /* Build configuration list for PBXProject "MiniBill" */ = {
			isa = XCConfigurationList;
			buildConfigurations = (
				762C24A7302366B70069C2C6 /* Debug */,
				762C24A8302366B70069C2C6 /* Release */,
			);
			defaultConfigurationIsVisible = 0;
			defaultConfigurationName = Release;
		};
		762C24A9302366B70069C2C6 /* Build configuration list for PBXNativeTarget "MiniBill" */ = {
			isa = XCConfigurationList;
			buildConfigurations = (
				762C24AA302366B70069C2C6 /* Debug */,
				762C24AB302366B70069C2C6 /* Release */,
			);
			defaultConfigurationIsVisible = 0;
			defaultConfigurationName = Release;
		};
		5BAA932551E284E024ACE6ED /* Build configuration list for PBXNativeTarget "MiniBillWatch" */ = {
			isa = XCConfigurationList;
			buildConfigurations = (
				23624D2E86330C6B813237DC /* Debug */,
				9B2792A6989E2E2469943617 /* Release */,
			);
			defaultConfigurationIsVisible = 0;
			defaultConfigurationName = Release;
		};
		B123D98A29B9F971DF5A0899 /* Widget Configurations */ = {
			isa = XCConfigurationList;
			buildConfigurations = (
				ED6100D739E348EE7BB4079F /* Widget Debug */,
				E7AD36DB8EE811907D357CAC /* Widget Release */,
			);
			defaultConfigurationIsVisible = 0;
			defaultConfigurationName = Release;
		};
/* End XCConfigurationList section */
	};
	rootObject = 762C2491302366B50069C2C6 /* Project object */;
}
